// !$*UTF8*$!
{
	archiveVersion = 1;
	classes = {
	};
	objectVersion = 55;
	objects = {

/* Begin PBXBuildFile section */
		1506D12C271154F10050BE20 /* sanboxIOSSwiftUI2021App.swift in Sources */ = {isa = PBXBuildFile; fileRef = 1506D12B271154F10050BE20 /* sanboxIOSSwiftUI2021App.swift */; };
		1506D12E271154F10050BE20 /* ContentView.swift in Sources */ = {isa = PBXBuildFile; fileRef = 1506D12D271154F10050BE20 /* ContentView.swift */; };
		1506D130271154F30050BE20 /* Assets.xcassets in Resources */ = {isa = PBXBuildFile; fileRef = 1506D12F271154F30050BE20 /* Assets.xcassets */; };
		1506D133271154F30050BE20 /* Preview Assets.xcassets in Resources */ = {isa = PBXBuildFile; fileRef = 1506D132271154F30050BE20 /* Preview Assets.xcassets */; };
		151C57772725BAB5004108B9 /* CoreDataView.swift in Sources */ = {isa = PBXBuildFile; fileRef = 151C57762725BAB5004108B9 /* CoreDataView.swift */; };
		151C577B2725BB47004108B9 /* dataStore.xcdatamodeld in Sources */ = {isa = PBXBuildFile; fileRef = 151C57792725BB47004108B9 /* dataStore.xcdatamodeld */; };
		151C577D2725BC94004108B9 /* PersistenceController.swift in Sources */ = {isa = PBXBuildFile; fileRef = 151C577C2725BC94004108B9 /* PersistenceController.swift */; };
		1536BB10271A264100D78882 /* seanallen.xcassets in Resources */ = {isa = PBXBuildFile; fileRef = 1536BB0F271A264100D78882 /* seanallen.xcassets */; };
		1536BB12271A268C00D78882 /* Video.swift in Sources */ = {isa = PBXBuildFile; fileRef = 1536BB11271A268C00D78882 /* Video.swift */; };
		1536BB14271A27BF00D78882 /* VideoListView.swift in Sources */ = {isa = PBXBuildFile; fileRef = 1536BB13271A27BF00D78882 /* VideoListView.swift */; };
		1536BB16271A2D7C00D78882 /* VideoDetailView.swift in Sources */ = {isa = PBXBuildFile; fileRef = 1536BB15271A2D7C00D78882 /* VideoDetailView.swift */; };
		15503895271A73F500299AAE /* sanboxIOSSwiftUI2021Tests.swift in Sources */ = {isa = PBXBuildFile; fileRef = 15503894271A73F500299AAE /* sanboxIOSSwiftUI2021Tests.swift */; };
		155DC10C2714D89F005DEAB7 /* WeatherView.swift in Sources */ = {isa = PBXBuildFile; fileRef = 155DC10B2714D89F005DEAB7 /* WeatherView.swift */; };
		155DC10E2714EA50005DEAB7 /* WeatherViewButtonControlLabel.swift in Sources */ = {isa = PBXBuildFile; fileRef = 155DC10D2714EA50005DEAB7 /* WeatherViewButtonControlLabel.swift */; };
		15CE286927133F12007CD8FD /* SwiftUISlots.swift in Sources */ = {isa = PBXBuildFile; fileRef = 15CE286827133F12007CD8FD /* SwiftUISlots.swift */; };
		15E03E7927122ED400584EA9 /* CodeWithChris.xcassets in Resources */ = {isa = PBXBuildFile; fileRef = 15E03E7827122ED400584EA9 /* CodeWithChris.xcassets */; };
		15E03E7B27123B4600584EA9 /* WarGameView.swift in Sources */ = {isa = PBXBuildFile; fileRef = 15E03E7A27123B4600584EA9 /* WarGameView.swift */; };
/* End PBXBuildFile section */

/* Begin PBXContainerItemProxy section */
		15503896271A73F500299AAE /* PBXContainerItemProxy */ = {
			isa = PBXContainerItemProxy;
			containerPortal = 1506D120271154F10050BE20 /* Project object */;
			proxyType = 1;
			remoteGlobalIDString = 1506D127271154F10050BE20;
			remoteInfo = sanboxIOSSwiftUI2021;
		};
/* End PBXContainerItemProxy section */

/* Begin PBXFileReference section */
		1506D128271154F10050BE20 /* sanboxIOSSwiftUI2021.app */ = {isa = PBXFileReference; explicitFileType = wrapper.application; includeInIndex = 0; path = sanboxIOSSwiftUI2021.app; sourceTree = BUILT_PRODUCTS_DIR; };
		1506D12B271154F10050BE20 /* sanboxIOSSwiftUI2021App.swift */ = {isa = PBXFileReference; lastKnownFileType = sourcecode.swift; path = sanboxIOSSwiftUI2021App.swift; sourceTree = "<group>"; };
		1506D12D271154F10050BE20 /* ContentView.swift */ = {isa = PBXFileReference; lastKnownFileType = sourcecode.swift; path = ContentView.swift; sourceTree = "<group>"; };
		1506D12F271154F30050BE20 /* Assets.xcassets */ = {isa = PBXFileReference; lastKnownFileType = folder.assetcatalog; path = Assets.xcassets; sourceTree = "<group>"; };
		1506D132271154F30050BE20 /* Preview Assets.xcassets */ = {isa = PBXFileReference; lastKnownFileType = folder.assetcatalog; path = "Preview Assets.xcassets"; sourceTree = "<group>"; };
		151C57762725BAB5004108B9 /* CoreDataView.swift */ = {isa = PBXFileReference; lastKnownFileType = sourcecode.swift; path = CoreDataView.swift; sourceTree = "<group>"; };
		151C577A2725BB47004108B9 /* dataStore.xcdatamodel */ = {isa = PBXFileReference; lastKnownFileType = wrapper.xcdatamodel; path = dataStore.xcdatamodel; sourceTree = "<group>"; };
		151C577C2725BC94004108B9 /* PersistenceController.swift */ = {isa = PBXFileReference; lastKnownFileType = sourcecode.swift; path = PersistenceController.swift; sourceTree = "<group>"; };
		1536BB0F271A264100D78882 /* seanallen.xcassets */ = {isa = PBXFileReference; lastKnownFileType = folder.assetcatalog; path = seanallen.xcassets; sourceTree = "<group>"; };
		1536BB11271A268C00D78882 /* Video.swift */ = {isa = PBXFileReference; lastKnownFileType = sourcecode.swift; path = Video.swift; sourceTree = "<group>"; };
		1536BB13271A27BF00D78882 /* VideoListView.swift */ = {isa = PBXFileReference; lastKnownFileType = sourcecode.swift; path = VideoListView.swift; sourceTree = "<group>"; };
		1536BB15271A2D7C00D78882 /* VideoDetailView.swift */ = {isa = PBXFileReference; lastKnownFileType = sourcecode.swift; path = VideoDetailView.swift; sourceTree = "<group>"; };
		15503892271A73F500299AAE /* sanboxIOSSwiftUI2021Tests.xctest */ = {isa = PBXFileReference; explicitFileType = wrapper.cfbundle; includeInIndex = 0; path = sanboxIOSSwiftUI2021Tests.xctest; sourceTree = BUILT_PRODUCTS_DIR; };
		15503894271A73F500299AAE /* sanboxIOSSwiftUI2021Tests.swift */ = {isa = PBXFileReference; lastKnownFileType = sourcecode.swift; path = sanboxIOSSwiftUI2021Tests.swift; sourceTree = "<group>"; };
		155DC10B2714D89F005DEAB7 /* WeatherView.swift */ = {isa = PBXFileReference; lastKnownFileType = sourcecode.swift; path = WeatherView.swift; sourceTree = "<group>"; };
		155DC10D2714EA50005DEAB7 /* WeatherViewButtonControlLabel.swift */ = {isa = PBXFileReference; lastKnownFileType = sourcecode.swift; path = WeatherViewButtonControlLabel.swift; sourceTree = "<group>"; };
		15CE286827133F12007CD8FD /* SwiftUISlots.swift */ = {isa = PBXFileReference; lastKnownFileType = sourcecode.swift; path = SwiftUISlots.swift; sourceTree = "<group>"; };
		15E03E7827122ED400584EA9 /* CodeWithChris.xcassets */ = {isa = PBXFileReference; lastKnownFileType = folder.assetcatalog; path = CodeWithChris.xcassets; sourceTree = "<group>"; };
		15E03E7A27123B4600584EA9 /* WarGameView.swift */ = {isa = PBXFileReference; lastKnownFileType = sourcecode.swift; path = WarGameView.swift; sourceTree = "<group>"; };
/* End PBXFileReference section */

/* Begin PBXFrameworksBuildPhase section */
		1506D125271154F10050BE20 /* Frameworks */ = {
			isa = PBXFrameworksBuildPhase;
			buildActionMask = 2147483647;
			files = (
			);
			runOnlyForDeploymentPostprocessing = 0;
		};
		1550388F271A73F500299AAE /* Frameworks */ = {
			isa = PBXFrameworksBuildPhase;
			buildActionMask = 2147483647;
			files = (
			);
			runOnlyForDeploymentPostprocessing = 0;
		};
/* End PBXFrameworksBuildPhase section */

/* Begin PBXGroup section */
		1506D11F271154F10050BE20 = {
			isa = PBXGroup;
			children = (
				1506D12A271154F10050BE20 /* sanboxIOSSwiftUI2021 */,
				15503893271A73F500299AAE /* sanboxIOSSwiftUI2021Tests */,
				1506D129271154F10050BE20 /* Products */,
			);
			sourceTree = "<group>";
		};
		1506D129271154F10050BE20 /* Products */ = {
			isa = PBXGroup;
			children = (
				1506D128271154F10050BE20 /* sanboxIOSSwiftUI2021.app */,
				15503892271A73F500299AAE /* sanboxIOSSwiftUI2021Tests.xctest */,
			);
			name = Products;
			sourceTree = "<group>";
		};
		1506D12A271154F10050BE20 /* sanboxIOSSwiftUI2021 */ = {
			isa = PBXGroup;
			children = (
				151C57782725BAD7004108B9 /* model */,
				1506D12B271154F10050BE20 /* sanboxIOSSwiftUI2021App.swift */,
				151C57762725BAB5004108B9 /* CoreDataView.swift */,
				1506D12D271154F10050BE20 /* ContentView.swift */,
				15E03E7A27123B4600584EA9 /* WarGameView.swift */,
				15CE286827133F12007CD8FD /* SwiftUISlots.swift */,
				155DC10B2714D89F005DEAB7 /* WeatherView.swift */,
				155DC10D2714EA50005DEAB7 /* WeatherViewButtonControlLabel.swift */,
				1536BB11271A268C00D78882 /* Video.swift */,
				1536BB13271A27BF00D78882 /* VideoListView.swift */,
				1536BB15271A2D7C00D78882 /* VideoDetailView.swift */,
				151C577C2725BC94004108B9 /* PersistenceController.swift */,
				15E03E7827122ED400584EA9 /* CodeWithChris.xcassets */,
				1536BB0F271A264100D78882 /* seanallen.xcassets */,
				1506D12F271154F30050BE20 /* Assets.xcassets */,
				1506D131271154F30050BE20 /* Preview Content */,
			);
			path = sanboxIOSSwiftUI2021;
			sourceTree = "<group>";
		};
		1506D131271154F30050BE20 /* Preview Content */ = {
			isa = PBXGroup;
			children = (
				1506D132271154F30050BE20 /* Preview Assets.xcassets */,
			);
			path = "Preview Content";
			sourceTree = "<group>";
		};
		151C57782725BAD7004108B9 /* model */ = {
			isa = PBXGroup;
			children = (
				151C57792725BB47004108B9 /* dataStore.xcdatamodeld */,
			);
			path = model;
			sourceTree = "<group>";
		};
		15503893271A73F500299AAE /* sanboxIOSSwiftUI2021Tests */ = {
			isa = PBXGroup;
			children = (
				15503894271A73F500299AAE /* sanboxIOSSwiftUI2021Tests.swift */,
			);
			path = sanboxIOSSwiftUI2021Tests;
			sourceTree = "<group>";
		};
/* End PBXGroup section */

/* Begin PBXNativeTarget section */
		1506D127271154F10050BE20 /* sanboxIOSSwiftUI2021 */ = {
			isa = PBXNativeTarget;
			buildConfigurationList = 1506D136271154F30050BE20 /* Build configuration list for PBXNativeTarget "sanboxIOSSwiftUI2021" */;
			buildPhases = (
				1506D124271154F10050BE20 /* Sources */,
				1506D125271154F10050BE20 /* Frameworks */,
				1506D126271154F10050BE20 /* Resources */,
			);
			buildRules = (
			);
			dependencies = (
			);
			name = sanboxIOSSwiftUI2021;
			productName = sanboxIOSSwiftUI2021;
			productReference = 1506D128271154F10050BE20 /* sanboxIOSSwiftUI2021.app */;
			productType = "com.apple.product-type.application";
		};
		15503891271A73F500299AAE /* sanboxIOSSwiftUI2021Tests */ = {
			isa = PBXNativeTarget;
			buildConfigurationList = 15503898271A73F500299AAE /* Build configuration list for PBXNativeTarget "sanboxIOSSwiftUI2021Tests" */;
			buildPhases = (
				1550388E271A73F500299AAE /* Sources */,
				1550388F271A73F500299AAE /* Frameworks */,
				15503890271A73F500299AAE /* Resources */,
			);
			buildRules = (
			);
			dependencies = (
				15503897271A73F500299AAE /* PBXTargetDependency */,
			);
			name = sanboxIOSSwiftUI2021Tests;
			productName = sanboxIOSSwiftUI2021Tests;
			productReference = 15503892271A73F500299AAE /* sanboxIOSSwiftUI2021Tests.xctest */;
			productType = "com.apple.product-type.bundle.unit-test";
		};
/* End PBXNativeTarget section */

/* Begin PBXProject section */
		1506D120271154F10050BE20 /* Project object */ = {
			isa = PBXProject;
			attributes = {
				BuildIndependentTargetsInParallel = 1;
				LastSwiftUpdateCheck = 1300;
				LastUpgradeCheck = 1300;
				TargetAttributes = {
					1506D127271154F10050BE20 = {
						CreatedOnToolsVersion = 13.0;
					};
					15503891271A73F500299AAE = {
						CreatedOnToolsVersion = 13.0;
						TestTargetID = 1506D127271154F10050BE20;
					};
				};
			};
			buildConfigurationList = 1506D123271154F10050BE20 /* Build configuration list for PBXProject "sanboxIOSSwiftUI2021" */;
			compatibilityVersion = "Xcode 13.0";
			developmentRegion = en;
			hasScannedForEncodings = 0;
			knownRegions = (
				en,
				Base,
			);
			mainGroup = 1506D11F271154F10050BE20;
			productRefGroup = 1506D129271154F10050BE20 /* Products */;
			projectDirPath = "";
			projectRoot = "";
			targets = (
				1506D127271154F10050BE20 /* sanboxIOSSwiftUI2021 */,
				15503891271A73F500299AAE /* sanboxIOSSwiftUI2021Tests */,
			);
		};
/* End PBXProject section */

/* Begin PBXResourcesBuildPhase section */
		1506D126271154F10050BE20 /* Resources */ = {
			isa = PBXResourcesBuildPhase;
			buildActionMask = 2147483647;
			files = (
				15E03E7927122ED400584EA9 /* CodeWithChris.xcassets in Resources */,
				1536BB10271A264100D78882 /* seanallen.xcassets in Resources */,
				1506D133271154F30050BE20 /* Preview Assets.xcassets in Resources */,
				1506D130271154F30050BE20 /* Assets.xcassets in Resources */,
			);
			runOnlyForDeploymentPostprocessing = 0;
		};
		15503890271A73F500299AAE /* Resources */ = {
			isa = PBXResourcesBuildPhase;
			buildActionMask = 2147483647;
			files = (
			);
			runOnlyForDeploymentPostprocessing = 0;
		};
/* End PBXResourcesBuildPhase section */

/* Begin PBXSourcesBuildPhase section */
		1506D124271154F10050BE20 /* Sources */ = {
			isa = PBXSourcesBuildPhase;
			buildActionMask = 2147483647;
			files = (
				155DC10C2714D89F005DEAB7 /* WeatherView.swift in Sources */,
				1506D12E271154F10050BE20 /* ContentView.swift in Sources */,
				151C577B2725BB47004108B9 /* dataStore.xcdatamodeld in Sources */,
				151C577D2725BC94004108B9 /* PersistenceController.swift in Sources */,
				155DC10E2714EA50005DEAB7 /* WeatherViewButtonControlLabel.swift in Sources */,
				15CE286927133F12007CD8FD /* SwiftUISlots.swift in Sources */,
				1536BB16271A2D7C00D78882 /* VideoDetailView.swift in Sources */,
				1536BB14271A27BF00D78882 /* VideoListView.swift in Sources */,
				1506D12C271154F10050BE20 /* sanboxIOSSwiftUI2021App.swift in Sources */,
				1536BB12271A268C00D78882 /* Video.swift in Sources */,
				15E03E7B27123B4600584EA9 /* WarGameView.swift in Sources */,
				151C57772725BAB5004108B9 /* CoreDataView.swift in Sources */,
			);
			runOnlyForDeploymentPostprocessing = 0;
		};
		1550388E271A73F500299AAE /* Sources */ = {
			isa = PBXSourcesBuildPhase;
			buildActionMask = 2147483647;
			files = (
				15503895271A73F500299AAE /* sanboxIOSSwiftUI2021Tests.swift in Sources */,
			);
			runOnlyForDeploymentPostprocessing = 0;
		};
/* End PBXSourcesBuildPhase section */

/* Begin PBXTargetDependency section */
		15503897271A73F500299AAE /* PBXTargetDependency */ = {
			isa = PBXTargetDependency;
			target = 1506D127271154F10050BE20 /* sanboxIOSSwiftUI2021 */;
			targetProxy = 15503896271A73F500299AAE /* PBXContainerItemProxy */;
		};
/* End PBXTargetDependency section */

/* Begin XCBuildConfiguration section */
		1506D134271154F30050BE20 /* Debug */ = {
			isa = XCBuildConfiguration;
			buildSettings = {
				ALWAYS_SEARCH_USER_PATHS = NO;
				CLANG_ANALYZER_NONNULL = YES;
				CLANG_ANALYZER_NUMBER_OBJECT_CONVERSION = YES_AGGRESSIVE;
				CLANG_CXX_LANGUAGE_STANDARD = "gnu++17";
				CLANG_CXX_LIBRARY = "libc++";
				CLANG_ENABLE_MODULES = YES;
				CLANG_ENABLE_OBJC_ARC = YES;
				CLANG_ENABLE_OBJC_WEAK = YES;
				CLANG_WARN_BLOCK_CAPTURE_AUTORELEASING = YES;
				CLANG_WARN_BOOL_CONVERSION = YES;
				CLANG_WARN_COMMA = YES;
				CLANG_WARN_CONSTANT_CONVERSION = YES;
				CLANG_WARN_DEPRECATED_OBJC_IMPLEMENTATIONS = YES;
				CLANG_WARN_DIRECT_OBJC_ISA_USAGE = YES_ERROR;
				CLANG_WARN_DOCUMENTATION_COMMENTS = YES;
				CLANG_WARN_EMPTY_BODY = YES;
				CLANG_WARN_ENUM_CONVERSION = YES;
				CLANG_WARN_INFINITE_RECURSION = YES;
				CLANG_WARN_INT_CONVERSION = YES;
				CLANG_WARN_NON_LITERAL_NULL_CONVERSION = YES;
				CLANG_WARN_OBJC_IMPLICIT_RETAIN_SELF = YES;
				CLANG_WARN_OBJC_LITERAL_CONVERSION = YES;
				CLANG_WARN_OBJC_ROOT_CLASS = YES_ERROR;
				CLANG_WARN_QUOTED_INCLUDE_IN_FRAMEWORK_HEADER = YES;
				CLANG_WARN_RANGE_LOOP_ANALYSIS = YES;
				CLANG_WARN_STRICT_PROTOTYPES = YES;
				CLANG_WARN_SUSPICIOUS_MOVE = YES;
				CLANG_WARN_UNGUARDED_AVAILABILITY = YES_AGGRESSIVE;
				CLANG_WARN_UNREACHABLE_CODE = YES;
				CLANG_WARN__DUPLICATE_METHOD_MATCH = YES;
				COPY_PHASE_STRIP = NO;
				DEBUG_INFORMATION_FORMAT = dwarf;
				ENABLE_STRICT_OBJC_MSGSEND = YES;
				ENABLE_TESTABILITY = YES;
				GCC_C_LANGUAGE_STANDARD = gnu11;
				GCC_DYNAMIC_NO_PIC = NO;
				GCC_NO_COMMON_BLOCKS = YES;
				GCC_OPTIMIZATION_LEVEL = 0;
				GCC_PREPROCESSOR_DEFINITIONS = (
					"DEBUG=1",
					"$(inherited)",
				);
				GCC_WARN_64_TO_32_BIT_CONVERSION = YES;
				GCC_WARN_ABOUT_RETURN_TYPE = YES_ERROR;
				GCC_WARN_UNDECLARED_SELECTOR = YES;
				GCC_WARN_UNINITIALIZED_AUTOS = YES_AGGRESSIVE;
				GCC_WARN_UNUSED_FUNCTION = YES;
				GCC_WARN_UNUSED_VARIABLE = YES;
				IPHONEOS_DEPLOYMENT_TARGET = 15.0;
				MTL_ENABLE_DEBUG_INFO = INCLUDE_SOURCE;
				MTL_FAST_MATH = YES;
				ONLY_ACTIVE_ARCH = YES;
				SDKROOT = iphoneos;
				SWIFT_ACTIVE_COMPILATION_CONDITIONS = DEBUG;
				SWIFT_OPTIMIZATION_LEVEL = "-Onone";
			};
			name = Debug;
		};
		1506D135271154F30050BE20 /* Release */ = {
			isa = XCBuildConfiguration;
			buildSettings = {
				ALWAYS_SEARCH_USER_PATHS = NO;
				CLANG_ANALYZER_NONNULL = YES;
				CLANG_ANALYZER_NUMBER_OBJECT_CONVERSION = YES_AGGRESSIVE;
				CLANG_CXX_LANGUAGE_STANDARD = "gnu++17";
				CLANG_CXX_LIBRARY = "libc++";
				CLANG_ENABLE_MODULES = YES;
				CLANG_ENABLE_OBJC_ARC = YES;
				CLANG_ENABLE_OBJC_WEAK = YES;
				CLANG_WARN_BLOCK_CAPTURE_AUTORELEASING = YES;
				CLANG_WARN_BOOL_CONVERSION = YES;
				CLANG_WARN_COMMA = YES;
				CLANG_WARN_CONSTANT_CONVERSION = YES;
				CLANG_WARN_DEPRECATED_OBJC_IMPLEMENTATIONS = YES;
				CLANG_WARN_DIRECT_OBJC_ISA_USAGE = YES_ERROR;
				CLANG_WARN_DOCUMENTATION_COMMENTS = YES;
				CLANG_WARN_EMPTY_BODY = YES;
				CLANG_WARN_ENUM_CONVERSION = YES;
				CLANG_WARN_INFINITE_RECURSION = YES;
				CLANG_WARN_INT_CONVERSION = YES;
				CLANG_WARN_NON_LITERAL_NULL_CONVERSION = YES;
				CLANG_WARN_OBJC_IMPLICIT_RETAIN_SELF = YES;
				CLANG_WARN_OBJC_LITERAL_CONVERSION = YES;
				CLANG_WARN_OBJC_ROOT_CLASS = YES_ERROR;
				CLANG_WARN_QUOTED_INCLUDE_IN_FRAMEWORK_HEADER = YES;
				CLANG_WARN_RANGE_LOOP_ANALYSIS = YES;
				CLANG_WARN_STRICT_PROTOTYPES = YES;
				CLANG_WARN_SUSPICIOUS_MOVE = YES;
				CLANG_WARN_UNGUARDED_AVAILABILITY = YES_AGGRESSIVE;
				CLANG_WARN_UNREACHABLE_CODE = YES;
				CLANG_WARN__DUPLICATE_METHOD_MATCH = YES;
				COPY_PHASE_STRIP = NO;
				DEBUG_INFORMATION_FORMAT = "dwarf-with-dsym";
				ENABLE_NS_ASSERTIONS = NO;
				ENABLE_STRICT_OBJC_MSGSEND = YES;
				GCC_C_LANGUAGE_STANDARD = gnu11;
				GCC_NO_COMMON_BLOCKS = YES;
				GCC_WARN_64_TO_32_BIT_CONVERSION = YES;
				GCC_WARN_ABOUT_RETURN_TYPE = YES_ERROR;
				GCC_WARN_UNDECLARED_SELECTOR = YES;
				GCC_WARN_UNINITIALIZED_AUTOS = YES_AGGRESSIVE;
				GCC_WARN_UNUSED_FUNCTION = YES;
				GCC_WARN_UNUSED_VARIABLE = YES;
				IPHONEOS_DEPLOYMENT_TARGET = 15.0;
				MTL_ENABLE_DEBUG_INFO = NO;
				MTL_FAST_MATH = YES;
				SDKROOT = iphoneos;
				SWIFT_COMPILATION_MODE = wholemodule;
				SWIFT_OPTIMIZATION_LEVEL = "-O";
				VALIDATE_PRODUCT = YES;
			};
			name = Release;
		};
		1506D137271154F30050BE20 /* Debug */ = {
			isa = XCBuildConfiguration;
			buildSettings = {
				ASSETCATALOG_COMPILER_APPICON_NAME = AppIcon;
				ASSETCATALOG_COMPILER_GLOBAL_ACCENT_COLOR_NAME = AccentColor;
				CODE_SIGN_STYLE = Automatic;
				CURRENT_PROJECT_VERSION = 1;
				DEVELOPMENT_ASSET_PATHS = "\"sanboxIOSSwiftUI2021/Preview Content\"";
				DEVELOPMENT_TEAM = 26668HS2H3;
				ENABLE_PREVIEWS = YES;
				GENERATE_INFOPLIST_FILE = YES;
				INFOPLIST_KEY_UIApplicationSceneManifest_Generation = YES;
				INFOPLIST_KEY_UIApplicationSupportsIndirectInputEvents = YES;
				INFOPLIST_KEY_UILaunchScreen_Generation = YES;
				INFOPLIST_KEY_UISupportedInterfaceOrientations_iPad = "UIInterfaceOrientationPortrait UIInterfaceOrientationPortraitUpsideDown UIInterfaceOrientationLandscapeLeft UIInterfaceOrientationLandscapeRight";
				INFOPLIST_KEY_UISupportedInterfaceOrientations_iPhone = "UIInterfaceOrientationPortrait UIInterfaceOrientationLandscapeLeft UIInterfaceOrientationLandscapeRight";
				IPHONEOS_DEPLOYMENT_TARGET = 15.0;
				LD_RUNPATH_SEARCH_PATHS = (
					"$(inherited)",
					"@executable_path/Frameworks",
				);
				MARKETING_VERSION = 1.0;
				PRODUCT_BUNDLE_IDENTIFIER = com.SandBoxiOSCareerProject.sanboxIOSSwiftUI2021;
				PRODUCT_NAME = "$(TARGET_NAME)";
				SWIFT_EMIT_LOC_STRINGS = YES;
				SWIFT_VERSION = 5.0;
				TARGETED_DEVICE_FAMILY = 1;
			};
			name = Debug;
		};
		1506D138271154F30050BE20 /* Release */ = {
			isa = XCBuildConfiguration;
			buildSettings = {
				ASSETCATALOG_COMPILER_APPICON_NAME = AppIcon;
				ASSETCATALOG_COMPILER_GLOBAL_ACCENT_COLOR_NAME = AccentColor;
				CODE_SIGN_STYLE = Automatic;
				CURRENT_PROJECT_VERSION = 1;
				DEVELOPMENT_ASSET_PATHS = "\"sanboxIOSSwiftUI2021/Preview Content\"";
				DEVELOPMENT_TEAM = 26668HS2H3;
				ENABLE_PREVIEWS = YES;
				GENERATE_INFOPLIST_FILE = YES;
				INFOPLIST_KEY_UIApplicationSceneManifest_Generation = YES;
				INFOPLIST_KEY_UIApplicationSupportsIndirectInputEvents = YES;
				INFOPLIST_KEY_UILaunchScreen_Generation = YES;
				INFOPLIST_KEY_UISupportedInterfaceOrientations_iPad = "UIInterfaceOrientationPortrait UIInterfaceOrientationPortraitUpsideDown UIInterfaceOrientationLandscapeLeft UIInterfaceOrientationLandscapeRight";
				INFOPLIST_KEY_UISupportedInterfaceOrientations_iPhone = "UIInterfaceOrientationPortrait UIInterfaceOrientationLandscapeLeft UIInterfaceOrientationLandscapeRight";
				IPHONEOS_DEPLOYMENT_TARGET = 15.0;
				LD_RUNPATH_SEARCH_PATHS = (
					"$(inherited)",
					"@executable_path/Frameworks",
				);
				MARKETING_VERSION = 1.0;
				PRODUCT_BUNDLE_IDENTIFIER = com.SandBoxiOSCareerProject.sanboxIOSSwiftUI2021;
				PRODUCT_NAME = "$(TARGET_NAME)";
				SWIFT_EMIT_LOC_STRINGS = YES;
				SWIFT_VERSION = 5.0;
				TARGETED_DEVICE_FAMILY = 1;
			};
			name = Release;
		};
		15503899271A73F500299AAE /* Debug */ = {
			isa = XCBuildConfiguration;
			buildSettings = {
				BUNDLE_LOADER = "$(TEST_HOST)";
				CODE_SIGN_STYLE = Automatic;
				CURRENT_PROJECT_VERSION = 1;
				DEVELOPMENT_TEAM = 26668HS2H3;
				GENERATE_INFOPLIST_FILE = YES;
				LD_RUNPATH_SEARCH_PATHS = (
					"$(inherited)",
					"@executable_path/Frameworks",
					"@loader_path/Frameworks",
				);
				MARKETING_VERSION = 1.0;
				PRODUCT_BUNDLE_IDENTIFIER = com.SandBoxiOSCareerProject.sanboxIOSSwiftUI2021Tests;
				PRODUCT_NAME = "$(TARGET_NAME)";
				SWIFT_EMIT_LOC_STRINGS = NO;
				SWIFT_VERSION = 5.0;
				TARGETED_DEVICE_FAMILY = "1,2";
				TEST_HOST = "$(BUILT_PRODUCTS_DIR)/sanboxIOSSwiftUI2021.app/sanboxIOSSwiftUI2021";
			};
			name = Debug;
		};
		1550389A271A73F500299AAE /* Release */ = {
			isa = XCBuildConfiguration;
			buildSettings = {
				BUNDLE_LOADER = "$(TEST_HOST)";
				CODE_SIGN_STYLE = Automatic;
				CURRENT_PROJECT_VERSION = 1;
				DEVELOPMENT_TEAM = 26668HS2H3;
				GENERATE_INFOPLIST_FILE = YES;
				LD_RUNPATH_SEARCH_PATHS = (
					"$(inherited)",
					"@executable_path/Frameworks",
					"@loader_path/Frameworks",
				);
				MARKETING_VERSION = 1.0;
				PRODUCT_BUNDLE_IDENTIFIER = com.SandBoxiOSCareerProject.sanboxIOSSwiftUI2021Tests;
				PRODUCT_NAME = "$(TARGET_NAME)";
				SWIFT_EMIT_LOC_STRINGS = NO;
				SWIFT_VERSION = 5.0;
				TARGETED_DEVICE_FAMILY = "1,2";
				TEST_HOST = "$(BUILT_PRODUCTS_DIR)/sanboxIOSSwiftUI2021.app/sanboxIOSSwiftUI2021";
			};
			name = Release;
		};
/* End XCBuildConfiguration section */

/* Begin XCConfigurationList section */
		1506D123271154F10050BE20 /* Build configuration list for PBXProject "sanboxIOSSwiftUI2021" */ = {
			isa = XCConfigurationList;
			buildConfigurations = (
				1506D134271154F30050BE20 /* Debug */,
				1506D135271154F30050BE20 /* Release */,
			);
			defaultConfigurationIsVisible = 0;
			defaultConfigurationName = Release;
		};
		1506D136271154F30050BE20 /* Build configuration list for PBXNativeTarget "sanboxIOSSwiftUI2021" */ = {
			isa = XCConfigurationList;
			buildConfigurations = (
				1506D137271154F30050BE20 /* Debug */,
				1506D138271154F30050BE20 /* Release */,
			);
			defaultConfigurationIsVisible = 0;
			defaultConfigurationName = Release;
		};
		15503898271A73F500299AAE /* Build configuration list for PBXNativeTarget "sanboxIOSSwiftUI2021Tests" */ = {
			isa = XCConfigurationList;
			buildConfigurations = (
				15503899271A73F500299AAE /* Debug */,
				1550389A271A73F500299AAE /* Release */,
			);
			defaultConfigurationIsVisible = 0;
			defaultConfigurationName = Release;
		};
/* End XCConfigurationList section */

/* Begin XCVersionGroup section */
		151C57792725BB47004108B9 /* dataStore.xcdatamodeld */ = {
			isa = XCVersionGroup;
			children = (
				151C577A2725BB47004108B9 /* dataStore.xcdatamodel */,
			);
			currentVersion = 151C577A2725BB47004108B9 /* dataStore.xcdatamodel */;
			path = dataStore.xcdatamodeld;
			sourceTree = "<group>";
			versionGroupType = wrapper.xcdatamodel;
		};
/* End XCVersionGroup section */
	};
	rootObject = 1506D120271154F10050BE20 /* Project object */;
}
